// !$*UTF8*$!
{
	archiveVersion = 1;
	classes = {
	};
	objectVersion = 50;
	objects = {

/* Begin PBXBuildFile section */
		1F5050912422BE94000E42F2 /* MovieRatingView.m in Sources */ = {isa = PBXBuildFile; fileRef = 1F5050902422BE94000E42F2 /* MovieRatingView.m */; };
		1F5050932422BEA8000E42F2 /* MovieRatingView.xib in Resources */ = {isa = PBXBuildFile; fileRef = 1F5050922422BEA8000E42F2 /* MovieRatingView.xib */; };
		1F5050962422C237000E42F2 /* MovieCoverView.m in Sources */ = {isa = PBXBuildFile; fileRef = 1F5050952422C237000E42F2 /* MovieCoverView.m */; };
		1F5050982422C244000E42F2 /* MovieCoverView.xib in Resources */ = {isa = PBXBuildFile; fileRef = 1F5050972422C244000E42F2 /* MovieCoverView.xib */; };
		1F50509B2422C3F5000E42F2 /* MovieHeaderView.m in Sources */ = {isa = PBXBuildFile; fileRef = 1F50509A2422C3F5000E42F2 /* MovieHeaderView.m */; };
		1F50509D2422C404000E42F2 /* MovieHeaderView.xib in Resources */ = {isa = PBXBuildFile; fileRef = 1F50509C2422C404000E42F2 /* MovieHeaderView.xib */; };
		1F5050A12423D774000E42F2 /* TMBMovie.m in Sources */ = {isa = PBXBuildFile; fileRef = 1F5050A02423D774000E42F2 /* TMBMovie.m */; };
		1F5050A42423D784000E42F2 /* TMBGenre.m in Sources */ = {isa = PBXBuildFile; fileRef = 1F5050A32423D784000E42F2 /* TMBGenre.m */; };
		1F5050A72423D799000E42F2 /* TMBCompany.m in Sources */ = {isa = PBXBuildFile; fileRef = 1F5050A62423D799000E42F2 /* TMBCompany.m */; };
		1F5050AA2423D7E5000E42F2 /* TMBCountry.m in Sources */ = {isa = PBXBuildFile; fileRef = 1F5050A92423D7E5000E42F2 /* TMBCountry.m */; };
		1F5050AD2423D7F2000E42F2 /* TMBLanguage.m in Sources */ = {isa = PBXBuildFile; fileRef = 1F5050AC2423D7F2000E42F2 /* TMBLanguage.m */; };
		1F5050B02423DF85000E42F2 /* HTTPRequest.m in Sources */ = {isa = PBXBuildFile; fileRef = 1F5050AF2423DF85000E42F2 /* HTTPRequest.m */; };
		1F5050B424240C16000E42F2 /* MovieListTableViewCell.m in Sources */ = {isa = PBXBuildFile; fileRef = 1F5050B224240C16000E42F2 /* MovieListTableViewCell.m */; };
		1F5050B524240C16000E42F2 /* MovieListTableViewCell.xib in Resources */ = {isa = PBXBuildFile; fileRef = 1F5050B324240C16000E42F2 /* MovieListTableViewCell.xib */; };
		1F8AFE2B2420055B0035D54F /* AppDelegate.m in Sources */ = {isa = PBXBuildFile; fileRef = 1F8AFE2A2420055B0035D54F /* AppDelegate.m */; };
		1F8AFE2E2420055B0035D54F /* SceneDelegate.m in Sources */ = {isa = PBXBuildFile; fileRef = 1F8AFE2D2420055B0035D54F /* SceneDelegate.m */; };
		1F8AFE342420055B0035D54F /* Main.storyboard in Resources */ = {isa = PBXBuildFile; fileRef = 1F8AFE322420055B0035D54F /* Main.storyboard */; };
		1F8AFE362420055F0035D54F /* Assets.xcassets in Resources */ = {isa = PBXBuildFile; fileRef = 1F8AFE352420055F0035D54F /* Assets.xcassets */; };
		1F8AFE3C2420055F0035D54F /* main.m in Sources */ = {isa = PBXBuildFile; fileRef = 1F8AFE3B2420055F0035D54F /* main.m */; };
		1F8AFE48242116F00035D54F /* LaunchScreen.storyboard in Resources */ = {isa = PBXBuildFile; fileRef = 1F8AFE372420055F0035D54F /* LaunchScreen.storyboard */; };
		1F8AFE4B242117EC0035D54F /* Detail.storyboard in Resources */ = {isa = PBXBuildFile; fileRef = 1F8AFE4D242117EC0035D54F /* Detail.storyboard */; };
		1F8AFE61242145F70035D54F /* MainViewController.m in Sources */ = {isa = PBXBuildFile; fileRef = 1F8AFE60242145F70035D54F /* MainViewController.m */; };
		1F8AFE63242146700035D54F /* DetailViewController.m in Sources */ = {isa = PBXBuildFile; fileRef = 1F8AFE62242146700035D54F /* DetailViewController.m */; };
		1FB9ED0C242A7B9B009207C4 /* TMBResponse.m in Sources */ = {isa = PBXBuildFile; fileRef = 1FB9ED0B242A7B9B009207C4 /* TMBResponse.m */; };
/* End PBXBuildFile section */

/* Begin PBXFileReference section */
		1F50508F2422BE94000E42F2 /* MovieRatingView.h */ = {isa = PBXFileReference; lastKnownFileType = sourcecode.c.h; path = MovieRatingView.h; sourceTree = "<group>"; };
		1F5050902422BE94000E42F2 /* MovieRatingView.m */ = {isa = PBXFileReference; lastKnownFileType = sourcecode.c.objc; path = MovieRatingView.m; sourceTree = "<group>"; };
		1F5050922422BEA8000E42F2 /* MovieRatingView.xib */ = {isa = PBXFileReference; lastKnownFileType = file.xib; path = MovieRatingView.xib; sourceTree = "<group>"; };
		1F5050942422C237000E42F2 /* MovieCoverView.h */ = {isa = PBXFileReference; lastKnownFileType = sourcecode.c.h; path = MovieCoverView.h; sourceTree = "<group>"; };
		1F5050952422C237000E42F2 /* MovieCoverView.m */ = {isa = PBXFileReference; lastKnownFileType = sourcecode.c.objc; path = MovieCoverView.m; sourceTree = "<group>"; };
		1F5050972422C244000E42F2 /* MovieCoverView.xib */ = {isa = PBXFileReference; lastKnownFileType = file.xib; path = MovieCoverView.xib; sourceTree = "<group>"; };
		1F5050992422C3F5000E42F2 /* MovieHeaderView.h */ = {isa = PBXFileReference; lastKnownFileType = sourcecode.c.h; path = MovieHeaderView.h; sourceTree = "<group>"; };
		1F50509A2422C3F5000E42F2 /* MovieHeaderView.m */ = {isa = PBXFileReference; lastKnownFileType = sourcecode.c.objc; path = MovieHeaderView.m; sourceTree = "<group>"; };
		1F50509C2422C404000E42F2 /* MovieHeaderView.xib */ = {isa = PBXFileReference; lastKnownFileType = file.xib; path = MovieHeaderView.xib; sourceTree = "<group>"; };
		1F50509F2423D774000E42F2 /* TMBMovie.h */ = {isa = PBXFileReference; lastKnownFileType = sourcecode.c.h; path = TMBMovie.h; sourceTree = "<group>"; };
		1F5050A02423D774000E42F2 /* TMBMovie.m */ = {isa = PBXFileReference; lastKnownFileType = sourcecode.c.objc; path = TMBMovie.m; sourceTree = "<group>"; };
		1F5050A22423D784000E42F2 /* TMBGenre.h */ = {isa = PBXFileReference; lastKnownFileType = sourcecode.c.h; path = TMBGenre.h; sourceTree = "<group>"; };
		1F5050A32423D784000E42F2 /* TMBGenre.m */ = {isa = PBXFileReference; lastKnownFileType = sourcecode.c.objc; path = TMBGenre.m; sourceTree = "<group>"; };
		1F5050A52423D799000E42F2 /* TMBCompany.h */ = {isa = PBXFileReference; lastKnownFileType = sourcecode.c.h; path = TMBCompany.h; sourceTree = "<group>"; };
		1F5050A62423D799000E42F2 /* TMBCompany.m */ = {isa = PBXFileReference; lastKnownFileType = sourcecode.c.objc; path = TMBCompany.m; sourceTree = "<group>"; };
		1F5050A82423D7E5000E42F2 /* TMBCountry.h */ = {isa = PBXFileReference; lastKnownFileType = sourcecode.c.h; path = TMBCountry.h; sourceTree = "<group>"; };
		1F5050A92423D7E5000E42F2 /* TMBCountry.m */ = {isa = PBXFileReference; lastKnownFileType = sourcecode.c.objc; path = TMBCountry.m; sourceTree = "<group>"; };
		1F5050AB2423D7F2000E42F2 /* TMBLanguage.h */ = {isa = PBXFileReference; lastKnownFileType = sourcecode.c.h; path = TMBLanguage.h; sourceTree = "<group>"; };
		1F5050AC2423D7F2000E42F2 /* TMBLanguage.m */ = {isa = PBXFileReference; lastKnownFileType = sourcecode.c.objc; path = TMBLanguage.m; sourceTree = "<group>"; };
		1F5050AE2423DF85000E42F2 /* HTTPRequest.h */ = {isa = PBXFileReference; lastKnownFileType = sourcecode.c.h; path = HTTPRequest.h; sourceTree = "<group>"; };
		1F5050AF2423DF85000E42F2 /* HTTPRequest.m */ = {isa = PBXFileReference; lastKnownFileType = sourcecode.c.objc; path = HTTPRequest.m; sourceTree = "<group>"; };
		1F5050B124240C16000E42F2 /* MovieListTableViewCell.h */ = {isa = PBXFileReference; lastKnownFileType = sourcecode.c.h; path = MovieListTableViewCell.h; sourceTree = "<group>"; };
		1F5050B224240C16000E42F2 /* MovieListTableViewCell.m */ = {isa = PBXFileReference; lastKnownFileType = sourcecode.c.objc; path = MovieListTableViewCell.m; sourceTree = "<group>"; };
		1F5050B324240C16000E42F2 /* MovieListTableViewCell.xib */ = {isa = PBXFileReference; lastKnownFileType = file.xib; path = MovieListTableViewCell.xib; sourceTree = "<group>"; };
		1F8AFE262420055B0035D54F /* objectivec_challenge.app */ = {isa = PBXFileReference; explicitFileType = wrapper.application; includeInIndex = 0; path = objectivec_challenge.app; sourceTree = BUILT_PRODUCTS_DIR; };
		1F8AFE292420055B0035D54F /* AppDelegate.h */ = {isa = PBXFileReference; lastKnownFileType = sourcecode.c.h; path = AppDelegate.h; sourceTree = "<group>"; };
		1F8AFE2A2420055B0035D54F /* AppDelegate.m */ = {isa = PBXFileReference; lastKnownFileType = sourcecode.c.objc; path = AppDelegate.m; sourceTree = "<group>"; };
		1F8AFE2C2420055B0035D54F /* SceneDelegate.h */ = {isa = PBXFileReference; lastKnownFileType = sourcecode.c.h; path = SceneDelegate.h; sourceTree = "<group>"; };
		1F8AFE2D2420055B0035D54F /* SceneDelegate.m */ = {isa = PBXFileReference; lastKnownFileType = sourcecode.c.objc; path = SceneDelegate.m; sourceTree = "<group>"; };
		1F8AFE332420055B0035D54F /* Base */ = {isa = PBXFileReference; lastKnownFileType = file.storyboard; name = Base; path = Base.lproj/Main.storyboard; sourceTree = "<group>"; };
		1F8AFE352420055F0035D54F /* Assets.xcassets */ = {isa = PBXFileReference; lastKnownFileType = folder.assetcatalog; path = Assets.xcassets; sourceTree = "<group>"; };
		1F8AFE382420055F0035D54F /* Base */ = {isa = PBXFileReference; lastKnownFileType = file.storyboard; name = Base; path = Base.lproj/LaunchScreen.storyboard; sourceTree = "<group>"; };
		1F8AFE3A2420055F0035D54F /* Info.plist */ = {isa = PBXFileReference; lastKnownFileType = text.plist.xml; path = Info.plist; sourceTree = "<group>"; };
		1F8AFE3B2420055F0035D54F /* main.m */ = {isa = PBXFileReference; lastKnownFileType = sourcecode.c.objc; path = main.m; sourceTree = "<group>"; };
		1F8AFE4C242117EC0035D54F /* Base */ = {isa = PBXFileReference; lastKnownFileType = file.storyboard; name = Base; path = Base.lproj/Detail.storyboard; sourceTree = "<group>"; };
		1F8AFE5F242145DB0035D54F /* MainViewController.h */ = {isa = PBXFileReference; lastKnownFileType = sourcecode.c.h; path = MainViewController.h; sourceTree = "<group>"; };
		1F8AFE60242145F70035D54F /* MainViewController.m */ = {isa = PBXFileReference; lastKnownFileType = sourcecode.c.objc; path = MainViewController.m; sourceTree = "<group>"; };
		1F8AFE62242146700035D54F /* DetailViewController.m */ = {isa = PBXFileReference; lastKnownFileType = sourcecode.c.objc; path = DetailViewController.m; sourceTree = "<group>"; };
		1F8AFE64242146820035D54F /* DetailViewController.h */ = {isa = PBXFileReference; lastKnownFileType = sourcecode.c.h; path = DetailViewController.h; sourceTree = "<group>"; };
		1FB9ED0A242A7B9B009207C4 /* TMBResponse.h */ = {isa = PBXFileReference; lastKnownFileType = sourcecode.c.h; path = TMBResponse.h; sourceTree = "<group>"; };
		1FB9ED0B242A7B9B009207C4 /* TMBResponse.m */ = {isa = PBXFileReference; lastKnownFileType = sourcecode.c.objc; path = TMBResponse.m; sourceTree = "<group>"; };
/* End PBXFileReference section */

/* Begin PBXFrameworksBuildPhase section */
		1F8AFE232420055B0035D54F /* Frameworks */ = {
			isa = PBXFrameworksBuildPhase;
			buildActionMask = 2147483647;
			files = (
			);
			runOnlyForDeploymentPostprocessing = 0;
		};
/* End PBXFrameworksBuildPhase section */

/* Begin PBXGroup section */
		1F50509E2423D5DA000E42F2 /* Utils */ = {
			isa = PBXGroup;
			children = (
				1F5050AE2423DF85000E42F2 /* HTTPRequest.h */,
				1F5050AF2423DF85000E42F2 /* HTTPRequest.m */,
			);
			path = Utils;
			sourceTree = "<group>";
		};
		1F8AFE1D2420055B0035D54F = {
			isa = PBXGroup;
			children = (
				1F8AFE282420055B0035D54F /* objectivec_challenge */,
				1F8AFE272420055B0035D54F /* Products */,
			);
			sourceTree = "<group>";
		};
		1F8AFE272420055B0035D54F /* Products */ = {
			isa = PBXGroup;
			children = (
				1F8AFE262420055B0035D54F /* objectivec_challenge.app */,
			);
			name = Products;
			sourceTree = "<group>";
		};
		1F8AFE282420055B0035D54F /* objectivec_challenge */ = {
			isa = PBXGroup;
			children = (
				1F50509E2423D5DA000E42F2 /* Utils */,
				1F8AFE45242114A90035D54F /* System */,
				1F8AFE442421149C0035D54F /* ViewController */,
				1F8AFE42242114810035D54F /* Model */,
				1F8AFE432421148C0035D54F /* View */,
				1F8AFE46242115680035D54F /* Xib */,
				1F8AFE352420055F0035D54F /* Assets.xcassets */,
				1F8AFE3A2420055F0035D54F /* Info.plist */,
				1F8AFE3B2420055F0035D54F /* main.m */,
			);
			path = objectivec_challenge;
			sourceTree = "<group>";
		};
		1F8AFE42242114810035D54F /* Model */ = {
			isa = PBXGroup;
			children = (
				1FB9ED0A242A7B9B009207C4 /* TMBResponse.h */,
				1FB9ED0B242A7B9B009207C4 /* TMBResponse.m */,
				1F50509F2423D774000E42F2 /* TMBMovie.h */,
				1F5050A02423D774000E42F2 /* TMBMovie.m */,
				1F5050A22423D784000E42F2 /* TMBGenre.h */,
				1F5050A32423D784000E42F2 /* TMBGenre.m */,
				1F5050A52423D799000E42F2 /* TMBCompany.h */,
				1F5050A62423D799000E42F2 /* TMBCompany.m */,
				1F5050A82423D7E5000E42F2 /* TMBCountry.h */,
				1F5050A92423D7E5000E42F2 /* TMBCountry.m */,
				1F5050AB2423D7F2000E42F2 /* TMBLanguage.h */,
				1F5050AC2423D7F2000E42F2 /* TMBLanguage.m */,
			);
			path = Model;
			sourceTree = "<group>";
		};
		1F8AFE432421148C0035D54F /* View */ = {
			isa = PBXGroup;
			children = (
				1F8AFE372420055F0035D54F /* LaunchScreen.storyboard */,
				1F8AFE322420055B0035D54F /* Main.storyboard */,
				1F8AFE4D242117EC0035D54F /* Detail.storyboard */,
			);
			path = View;
			sourceTree = "<group>";
		};
		1F8AFE442421149C0035D54F /* ViewController */ = {
			isa = PBXGroup;
			children = (
				1F8AFE5F242145DB0035D54F /* MainViewController.h */,
				1F8AFE60242145F70035D54F /* MainViewController.m */,
				1F8AFE64242146820035D54F /* DetailViewController.h */,
				1F8AFE62242146700035D54F /* DetailViewController.m */,
			);
			path = ViewController;
			sourceTree = "<group>";
		};
		1F8AFE45242114A90035D54F /* System */ = {
			isa = PBXGroup;
			children = (
				1F8AFE292420055B0035D54F /* AppDelegate.h */,
				1F8AFE2A2420055B0035D54F /* AppDelegate.m */,
				1F8AFE2C2420055B0035D54F /* SceneDelegate.h */,
				1F8AFE2D2420055B0035D54F /* SceneDelegate.m */,
			);
			path = System;
			sourceTree = "<group>";
		};
		1F8AFE46242115680035D54F /* Xib */ = {
			isa = PBXGroup;
			children = (
				1F8AFE6A24214DB20035D54F /* MovieListTableViewCell */,
				1F8AFE6E24214DCF0035D54F /* MovieHeaderView */,
				1F8AFE6B24214DB80035D54F /* MovieCoverView */,
				1F8AFE6C24214DBF0035D54F /* MovieRatingView */,
			);
			path = Xib;
			sourceTree = "<group>";
		};
		1F8AFE6A24214DB20035D54F /* MovieListTableViewCell */ = {
			isa = PBXGroup;
			children = (
				1F5050B124240C16000E42F2 /* MovieListTableViewCell.h */,
				1F5050B224240C16000E42F2 /* MovieListTableViewCell.m */,
				1F5050B324240C16000E42F2 /* MovieListTableViewCell.xib */,
			);
			path = MovieListTableViewCell;
			sourceTree = "<group>";
		};
		1F8AFE6B24214DB80035D54F /* MovieCoverView */ = {
			isa = PBXGroup;
			children = (
				1F5050942422C237000E42F2 /* MovieCoverView.h */,
				1F5050952422C237000E42F2 /* MovieCoverView.m */,
				1F5050972422C244000E42F2 /* MovieCoverView.xib */,
			);
			path = MovieCoverView;
			sourceTree = "<group>";
		};
		1F8AFE6C24214DBF0035D54F /* MovieRatingView */ = {
			isa = PBXGroup;
			children = (
				1F50508F2422BE94000E42F2 /* MovieRatingView.h */,
				1F5050902422BE94000E42F2 /* MovieRatingView.m */,
				1F5050922422BEA8000E42F2 /* MovieRatingView.xib */,
			);
			path = MovieRatingView;
			sourceTree = "<group>";
		};
		1F8AFE6E24214DCF0035D54F /* MovieHeaderView */ = {
			isa = PBXGroup;
			children = (
				1F5050992422C3F5000E42F2 /* MovieHeaderView.h */,
				1F50509A2422C3F5000E42F2 /* MovieHeaderView.m */,
				1F50509C2422C404000E42F2 /* MovieHeaderView.xib */,
			);
			path = MovieHeaderView;
			sourceTree = "<group>";
		};
/* End PBXGroup section */

/* Begin PBXNativeTarget section */
		1F8AFE252420055B0035D54F /* objectivec_challenge */ = {
			isa = PBXNativeTarget;
			buildConfigurationList = 1F8AFE3F2420055F0035D54F /* Build configuration list for PBXNativeTarget "objectivec_challenge" */;
			buildPhases = (
				1F8AFE222420055B0035D54F /* Sources */,
				1F8AFE232420055B0035D54F /* Frameworks */,
				1F8AFE242420055B0035D54F /* Resources */,
			);
			buildRules = (
			);
			dependencies = (
			);
			name = objectivec_challenge;
			productName = objectivec_challenge;
			productReference = 1F8AFE262420055B0035D54F /* objectivec_challenge.app */;
			productType = "com.apple.product-type.application";
		};
/* End PBXNativeTarget section */

/* Begin PBXProject section */
		1F8AFE1E2420055B0035D54F /* Project object */ = {
			isa = PBXProject;
			attributes = {
				LastUpgradeCheck = 1130;
				ORGANIZATIONNAME = "Leonardo Reis";
				TargetAttributes = {
					1F8AFE252420055B0035D54F = {
						CreatedOnToolsVersion = 11.3.1;
					};
				};
			};
			buildConfigurationList = 1F8AFE212420055B0035D54F /* Build configuration list for PBXProject "objectivec_challenge" */;
			compatibilityVersion = "Xcode 9.3";
			developmentRegion = en;
			hasScannedForEncodings = 0;
			knownRegions = (
				en,
				Base,
			);
			mainGroup = 1F8AFE1D2420055B0035D54F;
			productRefGroup = 1F8AFE272420055B0035D54F /* Products */;
			projectDirPath = "";
			projectRoot = "";
			targets = (
				1F8AFE252420055B0035D54F /* objectivec_challenge */,
			);
		};
/* End PBXProject section */

/* Begin PBXResourcesBuildPhase section */
		1F8AFE242420055B0035D54F /* Resources */ = {
			isa = PBXResourcesBuildPhase;
			buildActionMask = 2147483647;
			files = (
				1F8AFE48242116F00035D54F /* LaunchScreen.storyboard in Resources */,
				1F50509D2422C404000E42F2 /* MovieHeaderView.xib in Resources */,
				1F5050B524240C16000E42F2 /* MovieListTableViewCell.xib in Resources */,
				1F8AFE362420055F0035D54F /* Assets.xcassets in Resources */,
				1F8AFE342420055B0035D54F /* Main.storyboard in Resources */,
				1F5050932422BEA8000E42F2 /* MovieRatingView.xib in Resources */,
				1F8AFE4B242117EC0035D54F /* Detail.storyboard in Resources */,
				1F5050982422C244000E42F2 /* MovieCoverView.xib in Resources */,
			);
			runOnlyForDeploymentPostprocessing = 0;
		};
/* End PBXResourcesBuildPhase section */

/* Begin PBXSourcesBuildPhase section */
		1F8AFE222420055B0035D54F /* Sources */ = {
			isa = PBXSourcesBuildPhase;
			buildActionMask = 2147483647;
			files = (
				1F50509B2422C3F5000E42F2 /* MovieHeaderView.m in Sources */,
				1F8AFE63242146700035D54F /* DetailViewController.m in Sources */,
				1F5050AD2423D7F2000E42F2 /* TMBLanguage.m in Sources */,
				1F8AFE2B2420055B0035D54F /* AppDelegate.m in Sources */,
				1F8AFE3C2420055F0035D54F /* main.m in Sources */,
				1F5050B02423DF85000E42F2 /* HTTPRequest.m in Sources */,
				1F5050AA2423D7E5000E42F2 /* TMBCountry.m in Sources */,
				1F8AFE61242145F70035D54F /* MainViewController.m in Sources */,
				1F5050B424240C16000E42F2 /* MovieListTableViewCell.m in Sources */,
				1F5050962422C237000E42F2 /* MovieCoverView.m in Sources */,
				1FB9ED0C242A7B9B009207C4 /* TMBResponse.m in Sources */,
				1F5050A12423D774000E42F2 /* TMBMovie.m in Sources */,
				1F5050A42423D784000E42F2 /* TMBGenre.m in Sources */,
				1F5050912422BE94000E42F2 /* MovieRatingView.m in Sources */,
				1F8AFE2E2420055B0035D54F /* SceneDelegate.m in Sources */,
				1F5050A72423D799000E42F2 /* TMBCompany.m in Sources */,
			);
			runOnlyForDeploymentPostprocessing = 0;
		};
/* End PBXSourcesBuildPhase section */

/* Begin PBXVariantGroup section */
		1F8AFE322420055B0035D54F /* Main.storyboard */ = {
			isa = PBXVariantGroup;
			children = (
				1F8AFE332420055B0035D54F /* Base */,
			);
			name = Main.storyboard;
			sourceTree = "<group>";
		};
		1F8AFE372420055F0035D54F /* LaunchScreen.storyboard */ = {
			isa = PBXVariantGroup;
			children = (
				1F8AFE382420055F0035D54F /* Base */,
			);
			name = LaunchScreen.storyboard;
			sourceTree = "<group>";
		};
		1F8AFE4D242117EC0035D54F /* Detail.storyboard */ = {
			isa = PBXVariantGroup;
			children = (
				1F8AFE4C242117EC0035D54F /* Base */,
			);
			name = Detail.storyboard;
			sourceTree = "<group>";
		};
/* End PBXVariantGroup section */

/* Begin XCBuildConfiguration section */
		1F8AFE3D2420055F0035D54F /* Debug */ = {
			isa = XCBuildConfiguration;
			buildSettings = {
				ALWAYS_SEARCH_USER_PATHS = NO;
				CLANG_ANALYZER_NONNULL = YES;
				CLANG_ANALYZER_NUMBER_OBJECT_CONVERSION = YES_AGGRESSIVE;
				CLANG_CXX_LANGUAGE_STANDARD = "gnu++14";
				CLANG_CXX_LIBRARY = "libc++";
				CLANG_ENABLE_MODULES = YES;
				CLANG_ENABLE_OBJC_ARC = YES;
				CLANG_ENABLE_OBJC_WEAK = YES;
				CLANG_WARN_BLOCK_CAPTURE_AUTORELEASING = YES;
				CLANG_WARN_BOOL_CONVERSION = YES;
				CLANG_WARN_COMMA = YES;
				CLANG_WARN_CONSTANT_CONVERSION = YES;
				CLANG_WARN_DEPRECATED_OBJC_IMPLEMENTATIONS = YES;
				CLANG_WARN_DIRECT_OBJC_ISA_USAGE = YES_ERROR;
				CLANG_WARN_DOCUMENTATION_COMMENTS = YES;
				CLANG_WARN_EMPTY_BODY = YES;
				CLANG_WARN_ENUM_CONVERSION = YES;
				CLANG_WARN_INFINITE_RECURSION = YES;
				CLANG_WARN_INT_CONVERSION = YES;
				CLANG_WARN_NON_LITERAL_NULL_CONVERSION = YES;
				CLANG_WARN_OBJC_IMPLICIT_RETAIN_SELF = YES;
				CLANG_WARN_OBJC_LITERAL_CONVERSION = YES;
				CLANG_WARN_OBJC_ROOT_CLASS = YES_ERROR;
				CLANG_WARN_RANGE_LOOP_ANALYSIS = YES;
				CLANG_WARN_STRICT_PROTOTYPES = YES;
				CLANG_WARN_SUSPICIOUS_MOVE = YES;
				CLANG_WARN_UNGUARDED_AVAILABILITY = YES_AGGRESSIVE;
				CLANG_WARN_UNREACHABLE_CODE = YES;
				CLANG_WARN__DUPLICATE_METHOD_MATCH = YES;
				COPY_PHASE_STRIP = NO;
				DEBUG_INFORMATION_FORMAT = dwarf;
				ENABLE_STRICT_OBJC_MSGSEND = YES;
				ENABLE_TESTABILITY = YES;
				GCC_C_LANGUAGE_STANDARD = gnu11;
				GCC_DYNAMIC_NO_PIC = NO;
				GCC_NO_COMMON_BLOCKS = YES;
				GCC_OPTIMIZATION_LEVEL = 0;
				GCC_PREPROCESSOR_DEFINITIONS = (
					"DEBUG=1",
					"$(inherited)",
				);
				GCC_WARN_64_TO_32_BIT_CONVERSION = YES;
				GCC_WARN_ABOUT_RETURN_TYPE = YES_ERROR;
				GCC_WARN_UNDECLARED_SELECTOR = YES;
				GCC_WARN_UNINITIALIZED_AUTOS = YES_AGGRESSIVE;
				GCC_WARN_UNUSED_FUNCTION = YES;
				GCC_WARN_UNUSED_VARIABLE = YES;
				IPHONEOS_DEPLOYMENT_TARGET = 13.2;
				MTL_ENABLE_DEBUG_INFO = INCLUDE_SOURCE;
				MTL_FAST_MATH = YES;
				ONLY_ACTIVE_ARCH = YES;
				SDKROOT = iphoneos;
			};
			name = Debug;
		};
		1F8AFE3E2420055F0035D54F /* Release */ = {
			isa = XCBuildConfiguration;
			buildSettings = {
				ALWAYS_SEARCH_USER_PATHS = NO;
				CLANG_ANALYZER_NONNULL = YES;
				CLANG_ANALYZER_NUMBER_OBJECT_CONVERSION = YES_AGGRESSIVE;
				CLANG_CXX_LANGUAGE_STANDARD = "gnu++14";
				CLANG_CXX_LIBRARY = "libc++";
				CLANG_ENABLE_MODULES = YES;
				CLANG_ENABLE_OBJC_ARC = YES;
				CLANG_ENABLE_OBJC_WEAK = YES;
				CLANG_WARN_BLOCK_CAPTURE_AUTORELEASING = YES;
				CLANG_WARN_BOOL_CONVERSION = YES;
				CLANG_WARN_COMMA = YES;
				CLANG_WARN_CONSTANT_CONVERSION = YES;
				CLANG_WARN_DEPRECATED_OBJC_IMPLEMENTATIONS = YES;
				CLANG_WARN_DIRECT_OBJC_ISA_USAGE = YES_ERROR;
				CLANG_WARN_DOCUMENTATION_COMMENTS = YES;
				CLANG_WARN_EMPTY_BODY = YES;
				CLANG_WARN_ENUM_CONVERSION = YES;
				CLANG_WARN_INFINITE_RECURSION = YES;
				CLANG_WARN_INT_CONVERSION = YES;
				CLANG_WARN_NON_LITERAL_NULL_CONVERSION = YES;
				CLANG_WARN_OBJC_IMPLICIT_RETAIN_SELF = YES;
				CLANG_WARN_OBJC_LITERAL_CONVERSION = YES;
				CLANG_WARN_OBJC_ROOT_CLASS = YES_ERROR;
				CLANG_WARN_RANGE_LOOP_ANALYSIS = YES;
				CLANG_WARN_STRICT_PROTOTYPES = YES;
				CLANG_WARN_SUSPICIOUS_MOVE = YES;
				CLANG_WARN_UNGUARDED_AVAILABILITY = YES_AGGRESSIVE;
				CLANG_WARN_UNREACHABLE_CODE = YES;
				CLANG_WARN__DUPLICATE_METHOD_MATCH = YES;
				COPY_PHASE_STRIP = NO;
				DEBUG_INFORMATION_FORMAT = "dwarf-with-dsym";
				ENABLE_NS_ASSERTIONS = NO;
				ENABLE_STRICT_OBJC_MSGSEND = YES;
				GCC_C_LANGUAGE_STANDARD = gnu11;
				GCC_NO_COMMON_BLOCKS = YES;
				GCC_WARN_64_TO_32_BIT_CONVERSION = YES;
				GCC_WARN_ABOUT_RETURN_TYPE = YES_ERROR;
				GCC_WARN_UNDECLARED_SELECTOR = YES;
				GCC_WARN_UNINITIALIZED_AUTOS = YES_AGGRESSIVE;
				GCC_WARN_UNUSED_FUNCTION = YES;
				GCC_WARN_UNUSED_VARIABLE = YES;
				IPHONEOS_DEPLOYMENT_TARGET = 13.2;
				MTL_ENABLE_DEBUG_INFO = NO;
				MTL_FAST_MATH = YES;
				SDKROOT = iphoneos;
				VALIDATE_PRODUCT = YES;
			};
			name = Release;
		};
		1F8AFE402420055F0035D54F /* Debug */ = {
			isa = XCBuildConfiguration;
			buildSettings = {
				ASSETCATALOG_COMPILER_APPICON_NAME = AppIcon;
				CODE_SIGN_STYLE = Automatic;
				DEVELOPMENT_TEAM = MC7C9J5LVA;
				INFOPLIST_FILE = objectivec_challenge/Info.plist;
				LD_RUNPATH_SEARCH_PATHS = (
					"$(inherited)",
					"@executable_path/Frameworks",
				);
				PRODUCT_BUNDLE_IDENTIFIER = "academy.objectivec-challenge";
				PRODUCT_NAME = "$(TARGET_NAME)";
				TARGETED_DEVICE_FAMILY = 1;
			};
			name = Debug;
		};
		1F8AFE412420055F0035D54F /* Release */ = {
			isa = XCBuildConfiguration;
			buildSettings = {
				ASSETCATALOG_COMPILER_APPICON_NAME = AppIcon;
				CODE_SIGN_STYLE = Automatic;
				DEVELOPMENT_TEAM = MC7C9J5LVA;
				INFOPLIST_FILE = objectivec_challenge/Info.plist;
				LD_RUNPATH_SEARCH_PATHS = (
					"$(inherited)",
					"@executable_path/Frameworks",
				);
				PRODUCT_BUNDLE_IDENTIFIER = "academy.objectivec-challenge";
				PRODUCT_NAME = "$(TARGET_NAME)";
				TARGETED_DEVICE_FAMILY = 1;
			};
			name = Release;
		};
/* End XCBuildConfiguration section */

/* Begin XCConfigurationList section */
		1F8AFE212420055B0035D54F /* Build configuration list for PBXProject "objectivec_challenge" */ = {
			isa = XCConfigurationList;
			buildConfigurations = (
				1F8AFE3D2420055F0035D54F /* Debug */,
				1F8AFE3E2420055F0035D54F /* Release */,
			);
			defaultConfigurationIsVisible = 0;
			defaultConfigurationName = Release;
		};
		1F8AFE3F2420055F0035D54F /* Build configuration list for PBXNativeTarget "objectivec_challenge" */ = {
			isa = XCConfigurationList;
			buildConfigurations = (
				1F8AFE402420055F0035D54F /* Debug */,
				1F8AFE412420055F0035D54F /* Release */,
			);
			defaultConfigurationIsVisible = 0;
			defaultConfigurationName = Release;
		};
/* End XCConfigurationList section */
	};
	rootObject = 1F8AFE1E2420055B0035D54F /* Project object */;
}
